{
  "name": "kingdice",
  "version": "1.6.8",
  "lockfileVersion": 1,
  "requires": true,
  "dependencies": {
    "async-limiter": {
      "version": "1.0.0",
      "resolved": "https://registry.npmjs.org/async-limiter/-/async-limiter-1.0.0.tgz",
      "integrity": "sha512-jp/uFnooOiO+L211eZOoSyzpOITMXx1rBITauYykG3BRYPu8h0UcxsPNB04RR5vo4Tyz3+ay17tR6JVf9qzYWg=="
    },
    "babel-runtime": {
      "version": "6.26.0",
      "resolved": "https://registry.npmjs.org/babel-runtime/-/babel-runtime-6.26.0.tgz",
      "integrity": "sha1-llxwWGaOgrVde/4E/yM3vItWR/4=",
      "requires": {
        "core-js": "2.5.1",
        "regenerator-runtime": "0.11.0"
      }
    },
    "capture-stack-trace": {
      "version": "1.0.0",
      "resolved": "https://registry.npmjs.org/capture-stack-trace/-/capture-stack-trace-1.0.0.tgz",
      "integrity": "sha1-Sm+gc5nCa7pH8LJJa00PtAjFVQ0="
    },
    "common-tags": {
      "version": "1.5.1",
      "resolved": "https://registry.npmjs.org/common-tags/-/common-tags-1.5.1.tgz",
      "integrity": "sha512-NrUYGY5TApAk9KB+IZXkR3GR4tA3g26HDsoiGt4kCMHZ727gOGkC+UNfq0Z22jE15bLkc/6RV5Jw1RBW6Usg6A==",
      "requires": {
        "babel-runtime": "6.26.0"
      }
    },
    "configstore": {
      "version": "2.1.0",
      "resolved": "https://registry.npmjs.org/configstore/-/configstore-2.1.0.tgz",
      "integrity": "sha1-c3o6cDbpiGECqmCZ5HuzOrGroaE=",
      "requires": {
        "dot-prop": "3.0.0",
        "graceful-fs": "4.1.11",
        "mkdirp": "0.5.1",
        "object-assign": "4.1.1",
        "os-tmpdir": "1.0.2",
        "osenv": "0.1.4",
        "uuid": "2.0.3",
        "write-file-atomic": "1.3.4",
        "xdg-basedir": "2.0.0"
      }
    },
    "core-js": {
      "version": "2.5.1",
      "resolved": "https://registry.npmjs.org/core-js/-/core-js-2.5.1.tgz",
      "integrity": "sha1-rmh03GaTd4m4B1T/VCjfZoGcpQs="
    },
    "create-error-class": {
      "version": "3.0.2",
      "resolved": "https://registry.npmjs.org/create-error-class/-/create-error-class-3.0.2.tgz",
      "integrity": "sha1-Br56vvlHo/FKMP1hBnHUAbyot7Y=",
      "requires": {
        "capture-stack-trace": "1.0.0"
      }
    },
    "discord.js": {
      "version": "11.2.1",
      "resolved": "https://registry.npmjs.org/discord.js/-/discord.js-11.2.1.tgz",
      "integrity": "sha512-8Mor+IREVWHinjRd6Bu6OwRfT+ET/WEoLWMl8crFvBVcTFmaO/TSwP39C8QIGCB2YMVMYMdljjX/w17AUMemqg==",
      "requires": {
        "long": "3.2.0",
        "prism-media": "0.0.1",
        "snekfetch": "3.5.8",
        "tweetnacl": "1.0.0",
        "ws": "3.3.2"
      }
    },
    "dot-prop": {
      "version": "3.0.0",
      "resolved": "https://registry.npmjs.org/dot-prop/-/dot-prop-3.0.0.tgz",
      "integrity": "sha1-G3CK8JSknJoOfbyteQq6U52sEXc=",
      "requires": {
        "is-obj": "1.0.1"
      }
    },
    "duplexer3": {
      "version": "0.1.4",
      "resolved": "https://registry.npmjs.org/duplexer3/-/duplexer3-0.1.4.tgz",
      "integrity": "sha1-7gHdHKwO08vH/b6jfcCo8c4ALOI="
    },
    "get-stream": {
      "version": "3.0.0",
      "resolved": "https://registry.npmjs.org/get-stream/-/get-stream-3.0.0.tgz",
      "integrity": "sha1-jpQ9E1jcN1VQVOy+LtsFqhdO3hQ="
    },
    "google-translate-api": {
      "version": "2.3.0",
      "resolved": "https://registry.npmjs.org/google-translate-api/-/google-translate-api-2.3.0.tgz",
      "integrity": "sha1-YmcwoSPaDVevNzXdcHzacc7pGcc=",
      "requires": {
        "configstore": "2.1.0",
        "google-translate-token": "1.0.0",
        "got": "6.7.1",
        "safe-eval": "0.3.0"
      }
    },
    "google-translate-token": {
      "version": "1.0.0",
      "resolved": "https://registry.npmjs.org/google-translate-token/-/google-translate-token-1.0.0.tgz",
      "integrity": "sha1-vpQ0RXhvAMN2Xewx9JDawhIo0/g=",
      "requires": {
        "configstore": "2.1.0",
        "got": "6.7.1"
      }
    },
    "got": {
      "version": "6.7.1",
      "resolved": "https://registry.npmjs.org/got/-/got-6.7.1.tgz",
      "integrity": "sha1-JAzQV4WpoY5WHcG0S0HHY+8ejbA=",
      "requires": {
        "create-error-class": "3.0.2",
        "duplexer3": "0.1.4",
        "get-stream": "3.0.0",
        "is-redirect": "1.0.0",
        "is-retry-allowed": "1.1.0",
        "is-stream": "1.1.0",
        "lowercase-keys": "1.0.0",
        "safe-buffer": "5.1.1",
        "timed-out": "4.0.1",
        "unzip-response": "2.0.1",
        "url-parse-lax": "1.0.0"
      }
    },
    "graceful-fs": {
      "version": "4.1.11",
      "resolved": "https://registry.npmjs.org/graceful-fs/-/graceful-fs-4.1.11.tgz",
      "integrity": "sha1-Dovf5NHduIVNZOBOp8AOKgJuVlg="
    },
    "html-entities": {
      "version": "1.2.1",
      "resolved": "https://registry.npmjs.org/html-entities/-/html-entities-1.2.1.tgz",
      "integrity": "sha1-DfKTUfByEWNRXfueVUPl9u7VFi8="
    },
    "imurmurhash": {
      "version": "0.1.4",
      "resolved": "https://registry.npmjs.org/imurmurhash/-/imurmurhash-0.1.4.tgz",
      "integrity": "sha1-khi5srkoojixPcT7a21XbyMUU+o="
    },
    "is-obj": {
      "version": "1.0.1",
      "resolved": "https://registry.npmjs.org/is-obj/-/is-obj-1.0.1.tgz",
      "integrity": "sha1-PkcprB9f3gJc19g6iW2rn09n2w8="
    },
    "is-redirect": {
      "version": "1.0.0",
      "resolved": "https://registry.npmjs.org/is-redirect/-/is-redirect-1.0.0.tgz",
      "integrity": "sha1-HQPd7VO9jbDzDCbk+V02/HyH3CQ="
    },
    "is-retry-allowed": {
      "version": "1.1.0",
      "resolved": "https://registry.npmjs.org/is-retry-allowed/-/is-retry-allowed-1.1.0.tgz",
      "integrity": "sha1-EaBgVotnM5REAz0BJaYaINVk+zQ="
    },
    "is-stream": {
      "version": "1.1.0",
      "resolved": "https://registry.npmjs.org/is-stream/-/is-stream-1.1.0.tgz",
      "integrity": "sha1-EtSj3U5o4Lec6428hBc66A2RykQ="
    },
    "iso-language-converter": {
      "version": "1.1.0",
      "resolved": "https://registry.npmjs.org/iso-language-converter/-/iso-language-converter-1.1.0.tgz",
      "integrity": "sha1-KVM7d0T2iU1HBumLzqBiGK2FgII="
    },
    "long": {
      "version": "3.2.0",
      "resolved": "https://registry.npmjs.org/long/-/long-3.2.0.tgz",
      "integrity": "sha1-2CG3E4yhy1gcFymQ7xTbIAtcR0s="
    },
    "lowercase-keys": {
      "version": "1.0.0",
      "resolved": "https://registry.npmjs.org/lowercase-keys/-/lowercase-keys-1.0.0.tgz",
      "integrity": "sha1-TjNms55/VFfjXxMkvfb4jQv8cwY="
    },
    "m3u8stream": {
      "version": "0.2.1",
      "resolved": "https://registry.npmjs.org/m3u8stream/-/m3u8stream-0.2.1.tgz",
      "integrity": "sha512-kESIvCcoDOZ2ozD6wGxB962E24nPLDTezIBdqfJH1HxoY/dMTRFXOfq7sXtqPQM3nQihKXlv6pYmUpf01S/tVQ==",
      "requires": {
        "miniget": "1.1.0"
      }
    },
    "miniget": {
      "version": "1.1.0",
      "resolved": "https://registry.npmjs.org/miniget/-/miniget-1.1.0.tgz",
      "integrity": "sha512-ICBPQWEoz19eyPHbXLkvjPi62xLhz2irltks35NCYqzYHO0/35IbAaBP3Bbc4VgAwmloIPEpK7CO4/omOiUfDg=="
    },
    "minimist": {
      "version": "0.0.8",
      "resolved": "https://registry.npmjs.org/minimist/-/minimist-0.0.8.tgz",
      "integrity": "sha1-hX/Kv8M5fSYluCKCYuhqp6ARsF0="
    },
    "mkdirp": {
      "version": "0.5.1",
      "resolved": "https://registry.npmjs.org/mkdirp/-/mkdirp-0.5.1.tgz",
      "integrity": "sha1-MAV0OOrGz3+MR2fzhkjWaX11yQM=",
      "requires": {
        "minimist": "0.0.8"
      }
    },
    "object-assign": {
      "version": "4.1.1",
      "resolved": "https://registry.npmjs.org/object-assign/-/object-assign-4.1.1.tgz",
      "integrity": "sha1-IQmtx5ZYh8/AXLvUQsrIv7s2CGM="
    },
    "opusscript": {
      "version": "0.0.4",
      "resolved": "https://registry.npmjs.org/opusscript/-/opusscript-0.0.4.tgz",
      "integrity": "sha512-bEPZFE2lhUJYQD5yfTFO4RhbRZ937x6hRwBC1YoGacT35bwDVwKFP1+amU8NYfZL/v4EU7ZTU3INTqzYAnuP7Q=="
    },
    "os-homedir": {
      "version": "1.0.2",
      "resolved": "https://registry.npmjs.org/os-homedir/-/os-homedir-1.0.2.tgz",
      "integrity": "sha1-/7xJiDNuDoM94MFox+8VISGqf7M="
    },
    "os-tmpdir": {
      "version": "1.0.2",
      "resolved": "https://registry.npmjs.org/os-tmpdir/-/os-tmpdir-1.0.2.tgz",
      "integrity": "sha1-u+Z0BseaqFxc/sdm/lc0VV36EnQ="
    },
    "osenv": {
      "version": "0.1.4",
      "resolved": "https://registry.npmjs.org/osenv/-/osenv-0.1.4.tgz",
      "integrity": "sha1-Qv5tWVPfBsgGS+bxdsPQWqqjRkQ=",
      "requires": {
        "os-homedir": "1.0.2",
        "os-tmpdir": "1.0.2"
      }
    },
    "prepend-http": {
      "version": "1.0.4",
      "resolved": "https://registry.npmjs.org/prepend-http/-/prepend-http-1.0.4.tgz",
      "integrity": "sha1-1PRWKwzjaW5BrFLQ4ALlemNdxtw="
    },
    "prism-media": {
      "version": "0.0.1",
      "resolved": "https://registry.npmjs.org/prism-media/-/prism-media-0.0.1.tgz",
      "integrity": "sha1-o0JcnKvVDRxsAuVDlBoRiVZnvRA="
    },
    "regenerator-runtime": {
      "version": "0.11.0",
      "resolved": "https://registry.npmjs.org/regenerator-runtime/-/regenerator-runtime-0.11.0.tgz",
      "integrity": "sha512-/aA0kLeRb5N9K0d4fw7ooEbI+xDe+DKD499EQqygGqeS8N3xto15p09uY2xj7ixP81sNPXvRLnAQIqdVStgb1A=="
    },
    "safe-buffer": {
      "version": "5.1.1",
      "resolved": "https://registry.npmjs.org/safe-buffer/-/safe-buffer-5.1.1.tgz",
      "integrity": "sha512-kKvNJn6Mm93gAczWVJg7wH+wGYWNrDHdWvpUmHyEsgCtIwwo3bqPtV4tR5tuPaUhTOo/kvhVwd8XwwOllGYkbg=="
    },
    "safe-eval": {
      "version": "0.3.0",
      "resolved": "https://registry.npmjs.org/safe-eval/-/safe-eval-0.3.0.tgz",
      "integrity": "sha1-Bs4RHuvZwYWrr/AI7A/P/Fxb4Aw="
    },
    "sax": {
      "version": "1.2.4",
      "resolved": "https://registry.npmjs.org/sax/-/sax-1.2.4.tgz",
      "integrity": "sha512-NqVDv9TpANUjFm0N8uM5GxL36UgKi9/atZw+x7YFnQ8ckwFGKrl4xX4yWtrey3UJm5nP1kUbnYgLopqWNSRhWw=="
    },
    "slide": {
      "version": "1.1.6",
      "resolved": "https://registry.npmjs.org/slide/-/slide-1.1.6.tgz",
      "integrity": "sha1-VusCfWW00tzmyy4tMsTUr8nh1wc="
    },
    "snekfetch": {
      "version": "3.5.8",
      "resolved": "https://registry.npmjs.org/snekfetch/-/snekfetch-3.5.8.tgz",
      "integrity": "sha512-osq7soqKBObV4u/WE9tGQT/m5JdqTU1PWVPcT0We3sKZ99h9QA7wSj7ZWrwEwgRbELeO5BrVCanYjDYtVYcwrQ=="
    },
    "spelling": {
      "version": "2.0.0",
      "resolved": "https://registry.npmjs.org/spelling/-/spelling-2.0.0.tgz",
      "integrity": "sha1-NIwbtMMIpKC4wc/Dad74V3rkvrU="
    },
    "timed-out": {
      "version": "4.0.1",
      "resolved": "https://registry.npmjs.org/timed-out/-/timed-out-4.0.1.tgz",
      "integrity": "sha1-8y6srFoXW+ol1/q1Zas+2HQe9W8="
    },
    "tweetnacl": {
      "version": "1.0.0",
      "resolved": "https://registry.npmjs.org/tweetnacl/-/tweetnacl-1.0.0.tgz",
      "integrity": "sha1-cT2LgY2kIGh0C/aDhtBHnmb8ins="
    },
    "ultron": {
      "version": "1.1.1",
      "resolved": "https://registry.npmjs.org/ultron/-/ultron-1.1.1.tgz",
      "integrity": "sha512-UIEXBNeYmKptWH6z8ZnqTeS8fV74zG0/eRU9VGkpzz+LIJNs8W/zM/L+7ctCkRrgbNnnR0xxw4bKOr0cW0N0Og=="
    },
    "unzip-response": {
      "version": "2.0.1",
      "resolved": "https://registry.npmjs.org/unzip-response/-/unzip-response-2.0.1.tgz",
      "integrity": "sha1-0vD3N9FrBhXnKmk17QQhRXLVb5c="
    },
    "urban-dictionary": {
      "version": "1.0.6",
      "resolved": "https://registry.npmjs.org/urban-dictionary/-/urban-dictionary-1.0.6.tgz",
      "integrity": "sha512-UhBZP5gW0d3xUjmToUCmILxMgznbSS3haQxlR3HwoYsAuZqkC31PxUlPMyF5h3GO4NYibquJkAjEUFL9Odr15A=="
    },
    "url-parse-lax": {
      "version": "1.0.0",
      "resolved": "https://registry.npmjs.org/url-parse-lax/-/url-parse-lax-1.0.0.tgz",
      "integrity": "sha1-evjzA2Rem9eaJy56FKxovAYJ2nM=",
      "requires": {
        "prepend-http": "1.0.4"
      }
    },
    "uuid": {
      "version": "2.0.3",
      "resolved": "https://registry.npmjs.org/uuid/-/uuid-2.0.3.tgz",
      "integrity": "sha1-Z+LoY3lyFVMN/zGOW/nc6/1Hsho="
    },
    "write-file-atomic": {
      "version": "1.3.4",
      "resolved": "https://registry.npmjs.org/write-file-atomic/-/write-file-atomic-1.3.4.tgz",
      "integrity": "sha1-+Aek8LHZ6ROuekgRLmzDrxmRtF8=",
      "requires": {
        "graceful-fs": "4.1.11",
        "imurmurhash": "0.1.4",
        "slide": "1.1.6"
      }
    },
    "ws": {
      "version": "3.3.2",
      "resolved": "https://registry.npmjs.org/ws/-/ws-3.3.2.tgz",
      "integrity": "sha512-t+WGpsNxhMR4v6EClXS8r8km5ZljKJzyGhJf7goJz9k5Ye3+b5Bvno5rjqPuIBn5mnn5GBb7o8IrIWHxX1qOLQ==",
      "requires": {
        "async-limiter": "1.0.0",
        "safe-buffer": "5.1.1",
        "ultron": "1.1.1"
      }
    },
    "xdg-basedir": {
      "version": "2.0.0",
      "resolved": "https://registry.npmjs.org/xdg-basedir/-/xdg-basedir-2.0.0.tgz",
      "integrity": "sha1-7byQPMOF/ARSPZZqM1UEtVBNG9I=",
      "requires": {
        "os-homedir": "1.0.2"
      }
    },
    "ytdl-core": {
      "version": "0.18.2",
      "resolved": "https://registry.npmjs.org/ytdl-core/-/ytdl-core-0.18.2.tgz",
      "integrity": "sha512-mkQ8ZkIJvFG4XJUlrWW1l5c+USotkFcnI6OiRxYO4mRy6rvvL+jZkDs2ntKgacDb56bi7EkvoBiZ+kMR3MHXDA==",
      "requires": {
        "html-entities": "1.2.1",
        "m3u8stream": "0.2.1",
        "miniget": "1.1.0",
        "sax": "1.2.4"
      }
    }
  }
}
